
Microsoft Visual Studio Solution File, Format Version 12.00
# Visual Studio 15
VisualStudioVersion = 15.0.28307.168
MinimumVisualStudioVersion = 10.0.40219.1
Project("{FAE04EC0-301F-11D3-BF4B-00C04F79EFBC}") = "COED", "COED\COED.csproj", "{62E5FFA5-3AB2-49C2-83D5-EF2FD01C80EB}"
EndProject
Global
	GlobalSection(SolutionConfigurationPlatforms) = preSolution
		Debug|Any CPU = Debug|Any CPU
		Release|Any CPU = Release|Any CPU
	EndGlobalSection
	GlobalSection(ProjectConfigurationPlatforms) = postSolution
		{62E5FFA5-3AB2-49C2-83D5-EF2FD01C80EB}.Debug|Any CPU.ActiveCfg = Debug|Any CPU
		{62E5FFA5-3AB2-49C2-83D5-EF2FD01C80EB}.Debug|Any CPU.Build.0 = Debug|Any CPU
		{62E5FFA5-3AB2-49C2-83D5-EF2FD01C80EB}.Release|Any CPU.ActiveCfg = Release|Any CPU
		{62E5FFA5-3AB2-49C2-83D5-EF2FD01C80EB}.Release|Any CPU.Build.0 = Release|Any CPU
	EndGlobalSection
	GlobalSection(SolutionProperties) = preSolution
		HideSolutionNode = FALSE
	EndGlobalSection
	GlobalSection(ExtensibilityGlobals) = postSolution
		SolutionGuid = {2AF90410-F713-4C19-98B9-C8C72AB7B3D4}
	EndGlobalSection
EndGlobal
